{
    "_readme": [
        "This file locks the dependencies of your project to a known state",
        "Read more about it at http://getcomposer.org/doc/01-basic-usage.md#composer-lock-the-lock-file"
    ],
    "hash": "ec7a7c3f8870d2e53a199db32c516907",
    "packages": [
        {
            "name": "phpmailer/phpmailer",
            "version": "v5.2.7",
            "source": {
                "type": "git",
                "url": "https://github.com/PHPMailer/PHPMailer.git",
                "reference": "8717a79565b2c0ed67f851d70e1949febdf3b226"
            },
            "dist": {
                "type": "zip",
                "url": "https://api.github.com/repos/PHPMailer/PHPMailer/zipball/8717a79565b2c0ed67f851d70e1949febdf3b226",
                "reference": "8717a79565b2c0ed67f851d70e1949febdf3b226",
                "shasum": ""
            },
            "require": {
                "php": ">=5.0.0"
            },
            "require-dev": {
                "phpdocumentor/phpdocumentor": "*",
                "phpunit/phpunit": "*"
            },
            "type": "library",
            "autoload": {
                "classmap": [
                    "class.phpmailer.php",
                    "class.pop3.php",
                    "class.smtp.php"
                ]
            },
            "notification-url": "https://packagist.org/downloads/",
            "license": [
                "LGPL-2.1"
            ],
            "authors": [
                {
                    "name": "Jim Jagielski",
                    "email": "jimjag@gmail.com"
                },
                {
                    "name": "Marcus Bointon",
                    "email": "phpmailer@synchromedia.co.uk"
                },
                {
                    "name": "Andy Prevost",
                    "email": "codeworxtech@users.sourceforge.net"
                },
                {
                    "name": "Brent R. Matzelle"
                }
            ],
            "description": "PHPMailer is a full-featured email creation and transfer class for PHP",
            "time": "2013-09-12 07:52:38"
        }
    ],
    "packages-dev": [

    ],
    "aliases": [

    ],
    "minimum-stability": "stable",
    "stability-flags": [

    ],
    "platform": {
        "php": ">=5.3.10"
    },
    "platform-dev": [

    ]
}
